{
  "object": {
    "pins": [
      {
        "package": "DPOTPView",
        "repositoryURL": "https://github.com/Datt1994/DPOTPView.git",
        "state": {
          "branch": "master",
          "revision": "5e7fc8c57eee86d8e7be9913621e829776e0a819",
          "version": null
        }
      }
    ]
  },
  "version": 1
}
